# THIS IS AN AUTOGENERATED FILE. DO NOT EDIT THIS FILE DIRECTLY.
# yarn lockfile v1


inline-scripts@^1.7.4:
  version "1.7.4"
  resolved "https://registry.yarnpkg.com/inline-scripts/-/inline-scripts-1.7.4.tgz#54f4d5d9a3e830d4c31e9bb59bf12783a516351d"
  integrity sha512-iEuBe8HfhzNlllODod145vW+hh1HJv/aGXkSq6dsDa/m0fmos8UGmtilmu8LykABqJWVGCP2qRexo6VqpL0OZA==
